// !$*UTF8*$!
{
	archiveVersion = 1;
	classes = {
	};
	objectVersion = 52;
	objects = {

/* Begin PBXBuildFile section */
		522294944E80CC0CCFA9A323 /* Pods_JungleChat.framework in Frameworks */ = {isa = PBXBuildFile; fileRef = 56DF31958D7070B291927261 /* Pods_JungleChat.framework */; };
		6854E2642435FE22003501FC /* MessageCell.swift in Sources */ = {isa = PBXBuildFile; fileRef = 6854E2622435FE22003501FC /* MessageCell.swift */; };
		6854E2652435FE22003501FC /* MessageCell.xib in Resources */ = {isa = PBXBuildFile; fileRef = 6854E2632435FE22003501FC /* MessageCell.xib */; };
		6854E267243606E4003501FC /* Message.swift in Sources */ = {isa = PBXBuildFile; fileRef = 6854E266243606E4003501FC /* Message.swift */; };
		6854E26A243607AD003501FC /* PlayerService.swift in Sources */ = {isa = PBXBuildFile; fileRef = 6854E269243607AD003501FC /* PlayerService.swift */; };
		6854E26C24365A53003501FC /* message.wav in Resources */ = {isa = PBXBuildFile; fileRef = 6854E26B24365A53003501FC /* message.wav */; };
		6864D41C24373F7800CCE2B9 /* BuildFile in Frameworks */ = {isa = PBXBuildFile; productRef = 6864D41B24373F7800CCE2B9 /* SwiftPackageProductDependency */; };
		687DA20C2433508B00B5B46C /* AppDelegate.swift in Sources */ = {isa = PBXBuildFile; fileRef = 687DA20B2433508B00B5B46C /* AppDelegate.swift */; };
		687DA20E2433508B00B5B46C /* SceneDelegate.swift in Sources */ = {isa = PBXBuildFile; fileRef = 687DA20D2433508B00B5B46C /* SceneDelegate.swift */; };
		687DA2102433508B00B5B46C /* WelcomeVC.swift in Sources */ = {isa = PBXBuildFile; fileRef = 687DA20F2433508B00B5B46C /* WelcomeVC.swift */; };
		687DA2132433508B00B5B46C /* Main.storyboard in Resources */ = {isa = PBXBuildFile; fileRef = 687DA2112433508B00B5B46C /* Main.storyboard */; };
		687DA2152433508E00B5B46C /* Assets.xcassets in Resources */ = {isa = PBXBuildFile; fileRef = 687DA2142433508E00B5B46C /* Assets.xcassets */; };
		687DA2182433508E00B5B46C /* LaunchScreen.storyboard in Resources */ = {isa = PBXBuildFile; fileRef = 687DA2162433508E00B5B46C /* LaunchScreen.storyboard */; };
		687DA2202433531800B5B46C /* RegisterVC.swift in Sources */ = {isa = PBXBuildFile; fileRef = 687DA21F2433531800B5B46C /* RegisterVC.swift */; };
		687DA2222433536500B5B46C /* LoginVC.swift in Sources */ = {isa = PBXBuildFile; fileRef = 687DA2212433536500B5B46C /* LoginVC.swift */; };
		687DA2242433538A00B5B46C /* ChatVC.swift in Sources */ = {isa = PBXBuildFile; fileRef = 687DA2232433538A00B5B46C /* ChatVC.swift */; };
		687DA2282433804100B5B46C /* Neucha-Regular.ttf in Resources */ = {isa = PBXBuildFile; fileRef = 687DA2272433804100B5B46C /* Neucha-Regular.ttf */; };
		687DA22B24339E4300B5B46C /* monkey.wav in Resources */ = {isa = PBXBuildFile; fileRef = 687DA22A24339E4300B5B46C /* monkey.wav */; };
		687DA22F2433AD5900B5B46C /* login.wav in Resources */ = {isa = PBXBuildFile; fileRef = 687DA22D2433AD5900B5B46C /* login.wav */; };
		687DA2302433AD5900B5B46C /* register.wav in Resources */ = {isa = PBXBuildFile; fileRef = 687DA22E2433AD5900B5B46C /* register.wav */; };
		688790DB2434EDEB008F6F8D /* GoogleService-Info.plist in Resources */ = {isa = PBXBuildFile; fileRef = 688790DA2434EDEB008F6F8D /* GoogleService-Info.plist */; };
		688837E12451A70A0047CA9A /* Pods_JungleChat.framework in Embed Frameworks */ = {isa = PBXBuildFile; fileRef = D03102CD218AEA71755540E3 /* Pods_JungleChat.framework */; settings = {ATTRIBUTES = (CodeSignOnCopy, RemoveHeadersOnCopy, ); }; };
/* End PBXBuildFile section */

/* Begin PBXCopyFilesBuildPhase section */
		688837E22451A70A0047CA9A /* Embed Frameworks */ = {
			isa = PBXCopyFilesBuildPhase;
			buildActionMask = 2147483647;
			dstPath = "";
			dstSubfolderSpec = 10;
			files = (
				688837E12451A70A0047CA9A /* Pods_JungleChat.framework in Embed Frameworks */,
			);
			name = "Embed Frameworks";
			runOnlyForDeploymentPostprocessing = 0;
		};
/* End PBXCopyFilesBuildPhase section */

/* Begin PBXFileReference section */
		56DF31958D7070B291927261 /* Pods_JungleChat.framework */ = {isa = PBXFileReference; explicitFileType = wrapper.framework; includeInIndex = 0; path = Pods_JungleChat.framework; sourceTree = BUILT_PRODUCTS_DIR; };
		6854E2622435FE22003501FC /* MessageCell.swift */ = {isa = PBXFileReference; lastKnownFileType = sourcecode.swift; path = MessageCell.swift; sourceTree = SOURCE_ROOT; };
		6854E2632435FE22003501FC /* MessageCell.xib */ = {isa = PBXFileReference; lastKnownFileType = file.xib; path = MessageCell.xib; sourceTree = SOURCE_ROOT; };
		6854E266243606E4003501FC /* Message.swift */ = {isa = PBXFileReference; lastKnownFileType = sourcecode.swift; path = Message.swift; sourceTree = "<group>"; };
		6854E269243607AD003501FC /* PlayerService.swift */ = {isa = PBXFileReference; lastKnownFileType = sourcecode.swift; path = PlayerService.swift; sourceTree = "<group>"; };
		6854E26B24365A53003501FC /* message.wav */ = {isa = PBXFileReference; lastKnownFileType = audio.wav; path = message.wav; sourceTree = "<group>"; };
		687DA2082433508B00B5B46C /* JungleChat.app */ = {isa = PBXFileReference; explicitFileType = wrapper.application; includeInIndex = 0; path = JungleChat.app; sourceTree = BUILT_PRODUCTS_DIR; };
		687DA20B2433508B00B5B46C /* AppDelegate.swift */ = {isa = PBXFileReference; lastKnownFileType = sourcecode.swift; path = AppDelegate.swift; sourceTree = "<group>"; };
		687DA20D2433508B00B5B46C /* SceneDelegate.swift */ = {isa = PBXFileReference; lastKnownFileType = sourcecode.swift; path = SceneDelegate.swift; sourceTree = "<group>"; };
		687DA20F2433508B00B5B46C /* WelcomeVC.swift */ = {isa = PBXFileReference; lastKnownFileType = sourcecode.swift; path = WelcomeVC.swift; sourceTree = "<group>"; };
		687DA2122433508B00B5B46C /* Base */ = {isa = PBXFileReference; lastKnownFileType = file.storyboard; name = Base; path = Base.lproj/Main.storyboard; sourceTree = "<group>"; };
		687DA2142433508E00B5B46C /* Assets.xcassets */ = {isa = PBXFileReference; lastKnownFileType = folder.assetcatalog; path = Assets.xcassets; sourceTree = "<group>"; };
		687DA2172433508E00B5B46C /* Base */ = {isa = PBXFileReference; lastKnownFileType = file.storyboard; name = Base; path = Base.lproj/LaunchScreen.storyboard; sourceTree = "<group>"; };
		687DA2192433508E00B5B46C /* Info.plist */ = {isa = PBXFileReference; lastKnownFileType = text.plist.xml; path = Info.plist; sourceTree = "<group>"; };
		687DA21F2433531800B5B46C /* RegisterVC.swift */ = {isa = PBXFileReference; lastKnownFileType = sourcecode.swift; path = RegisterVC.swift; sourceTree = "<group>"; };
		687DA2212433536500B5B46C /* LoginVC.swift */ = {isa = PBXFileReference; lastKnownFileType = sourcecode.swift; path = LoginVC.swift; sourceTree = "<group>"; };
		687DA2232433538A00B5B46C /* ChatVC.swift */ = {isa = PBXFileReference; lastKnownFileType = sourcecode.swift; path = ChatVC.swift; sourceTree = "<group>"; };
		687DA2272433804100B5B46C /* Neucha-Regular.ttf */ = {isa = PBXFileReference; lastKnownFileType = file; path = "Neucha-Regular.ttf"; sourceTree = "<group>"; };
		687DA22A24339E4300B5B46C /* monkey.wav */ = {isa = PBXFileReference; lastKnownFileType = audio.wav; path = monkey.wav; sourceTree = "<group>"; };
		687DA22D2433AD5900B5B46C /* login.wav */ = {isa = PBXFileReference; lastKnownFileType = audio.wav; path = login.wav; sourceTree = "<group>"; };
		687DA22E2433AD5900B5B46C /* register.wav */ = {isa = PBXFileReference; lastKnownFileType = audio.wav; path = register.wav; sourceTree = "<group>"; };
		688790DA2434EDEB008F6F8D /* GoogleService-Info.plist */ = {isa = PBXFileReference; fileEncoding = 4; lastKnownFileType = text.plist.xml; path = "GoogleService-Info.plist"; sourceTree = "<group>"; };
		688837E32451A7550047CA9A /* FirebaseAuth.framework */ = {isa = PBXFileReference; explicitFileType = wrapper.framework; path = FirebaseAuth.framework; sourceTree = BUILT_PRODUCTS_DIR; };
		688837E42451A7550047CA9A /* FirebaseCore.framework */ = {isa = PBXFileReference; explicitFileType = wrapper.framework; path = FirebaseCore.framework; sourceTree = BUILT_PRODUCTS_DIR; };
		688837E52451A7550047CA9A /* FirebaseCoreDiagnostics.framework */ = {isa = PBXFileReference; explicitFileType = wrapper.framework; path = FirebaseCoreDiagnostics.framework; sourceTree = BUILT_PRODUCTS_DIR; };
		B6EBE13479182826B287E7C2 /* Pods-JungleChat.release.xcconfig */ = {isa = PBXFileReference; includeInIndex = 1; lastKnownFileType = text.xcconfig; name = "Pods-JungleChat.release.xcconfig"; path = "Target Support Files/Pods-JungleChat/Pods-JungleChat.release.xcconfig"; sourceTree = "<group>"; };
		BE533171940117F76202239F /* Pods-JungleChat.debug.xcconfig */ = {isa = PBXFileReference; includeInIndex = 1; lastKnownFileType = text.xcconfig; name = "Pods-JungleChat.debug.xcconfig"; path = "Target Support Files/Pods-JungleChat/Pods-JungleChat.debug.xcconfig"; sourceTree = "<group>"; };
		D03102CD218AEA71755540E3 /* Pods_JungleChat.framework */ = {isa = PBXFileReference; explicitFileType = wrapper.framework; includeInIndex = 0; path = Pods_JungleChat.framework; sourceTree = BUILT_PRODUCTS_DIR; };
/* End PBXFileReference section */

/* Begin PBXFrameworksBuildPhase section */
		687DA2052433508B00B5B46C /* Frameworks */ = {
			isa = PBXFrameworksBuildPhase;
			buildActionMask = 2147483647;
			files = (
				6864D41C24373F7800CCE2B9 /* BuildFile in Frameworks */,
				522294944E80CC0CCFA9A323 /* Pods_JungleChat.framework in Frameworks */,
			);
			runOnlyForDeploymentPostprocessing = 0;
		};
/* End PBXFrameworksBuildPhase section */

/* Begin PBXGroup section */
		6854E26824360716003501FC /* Model */ = {
			isa = PBXGroup;
			children = (
				6854E266243606E4003501FC /* Message.swift */,
			);
			path = Model;
			sourceTree = "<group>";
		};
		687DA1FF2433508B00B5B46C = {
			isa = PBXGroup;
			children = (
				687DA20A2433508B00B5B46C /* JungleChat */,
				687DA22C24339E4800B5B46C /* Music */,
				687DA2092433508B00B5B46C /* Products */,
				E911816E6B9B5752616EE0BA /* Pods */,
				E8FDE0D1B68A3557FCEE73DE /* Frameworks */,
			);
			sourceTree = "<group>";
		};
		687DA2092433508B00B5B46C /* Products */ = {
			isa = PBXGroup;
			children = (
				687DA2082433508B00B5B46C /* JungleChat.app */,
			);
			name = Products;
			sourceTree = "<group>";
		};
		687DA20A2433508B00B5B46C /* JungleChat */ = {
			isa = PBXGroup;
			children = (
				687DA20B2433508B00B5B46C /* AppDelegate.swift */,
				687DA20D2433508B00B5B46C /* SceneDelegate.swift */,
				68D92B5A2435170800BDC928 /* Service */,
				6854E26824360716003501FC /* Model */,
				687DA226243353E800B5B46C /* View */,
				687DA225243353DF00B5B46C /* Controllers */,
				687DA2292433806300B5B46C /* Supporting Files */,
				687DA2192433508E00B5B46C /* Info.plist */,
				688790DA2434EDEB008F6F8D /* GoogleService-Info.plist */,
			);
			path = JungleChat;
			sourceTree = "<group>";
		};
		687DA225243353DF00B5B46C /* Controllers */ = {
			isa = PBXGroup;
			children = (
				687DA20F2433508B00B5B46C /* WelcomeVC.swift */,
				687DA21F2433531800B5B46C /* RegisterVC.swift */,
				687DA2212433536500B5B46C /* LoginVC.swift */,
				687DA2232433538A00B5B46C /* ChatVC.swift */,
			);
			path = Controllers;
			sourceTree = "<group>";
		};
		687DA226243353E800B5B46C /* View */ = {
			isa = PBXGroup;
			children = (
				6854E2622435FE22003501FC /* MessageCell.swift */,
				6854E2632435FE22003501FC /* MessageCell.xib */,
				687DA2112433508B00B5B46C /* Main.storyboard */,
			);
			path = View;
			sourceTree = "<group>";
		};
		687DA2292433806300B5B46C /* Supporting Files */ = {
			isa = PBXGroup;
			children = (
				687DA2142433508E00B5B46C /* Assets.xcassets */,
				687DA2272433804100B5B46C /* Neucha-Regular.ttf */,
				687DA2162433508E00B5B46C /* LaunchScreen.storyboard */,
			);
			path = "Supporting Files";
			sourceTree = "<group>";
		};
		687DA22C24339E4800B5B46C /* Music */ = {
			isa = PBXGroup;
			children = (
				6854E26B24365A53003501FC /* message.wav */,
				687DA22A24339E4300B5B46C /* monkey.wav */,
				687DA22E2433AD5900B5B46C /* register.wav */,
				687DA22D2433AD5900B5B46C /* login.wav */,
			);
			name = Music;
			sourceTree = "<group>";
		};
		68D92B5A2435170800BDC928 /* Service */ = {
			isa = PBXGroup;
			children = (
				6854E269243607AD003501FC /* PlayerService.swift */,
			);
			name = Service;
			path = ..;
			sourceTree = "<group>";
		};
		E8FDE0D1B68A3557FCEE73DE /* Frameworks */ = {
			isa = PBXGroup;
			children = (
				688837E32451A7550047CA9A /* FirebaseAuth.framework */,
				688837E42451A7550047CA9A /* FirebaseCore.framework */,
				688837E52451A7550047CA9A /* FirebaseCoreDiagnostics.framework */,
				56DF31958D7070B291927261 /* Pods_JungleChat.framework */,
			);
			name = Frameworks;
			sourceTree = "<group>";
		};
		E911816E6B9B5752616EE0BA /* Pods */ = {
			isa = PBXGroup;
			children = (
				BE533171940117F76202239F /* Pods-JungleChat.debug.xcconfig */,
				B6EBE13479182826B287E7C2 /* Pods-JungleChat.release.xcconfig */,
			);
			path = Pods;
			sourceTree = "<group>";
		};
/* End PBXGroup section */

/* Begin PBXNativeTarget section */
		687DA2072433508B00B5B46C /* JungleChat */ = {
			isa = PBXNativeTarget;
			buildConfigurationList = 687DA21C2433508E00B5B46C /* Build configuration list for PBXNativeTarget "JungleChat" */;
			buildPhases = (
				43E961760FAC9AFAA60D1BF9 /* [CP] Check Pods Manifest.lock */,
				687DA2042433508B00B5B46C /* Sources */,
				687DA2052433508B00B5B46C /* Frameworks */,
				687DA2062433508B00B5B46C /* Resources */,
				688837E22451A70A0047CA9A /* Embed Frameworks */,
				34EEA0A51355E7D37AFD1E0D /* [CP] Embed Pods Frameworks */,
			);
			buildRules = (
			);
			dependencies = (
			);
			name = JungleChat;
			packageProductDependencies = (
				6864D41B24373F7800CCE2B9 /* SwiftPackageProductDependency */,
			);
			productName = JungleChat;
			productReference = 687DA2082433508B00B5B46C /* JungleChat.app */;
			productType = "com.apple.product-type.application";
		};
/* End PBXNativeTarget section */

/* Begin PBXProject section */
		687DA2002433508B00B5B46C /* Project object */ = {
			isa = PBXProject;
			attributes = {
				LastSwiftUpdateCheck = 1130;
				LastUpgradeCheck = 1130;
				ORGANIZATIONNAME = "Feodora Andryieuskaya";
				TargetAttributes = {
					687DA2072433508B00B5B46C = {
						CreatedOnToolsVersion = 11.3;
					};
				};
			};
			buildConfigurationList = 687DA2032433508B00B5B46C /* Build configuration list for PBXProject "JungleChat" */;
			compatibilityVersion = "Xcode 9.3";
			developmentRegion = en;
			hasScannedForEncodings = 0;
			knownRegions = (
				en,
				Base,
			);
			mainGroup = 687DA1FF2433508B00B5B46C;
			packageReferences = (
				6864D41A24373F7800CCE2B9 /* RemoteSwiftPackageReference */,
			);
			productRefGroup = 687DA2092433508B00B5B46C /* Products */;
			projectDirPath = "";
			projectRoot = "";
			targets = (
				687DA2072433508B00B5B46C /* JungleChat */,
			);
		};
/* End PBXProject section */

/* Begin PBXResourcesBuildPhase section */
		687DA2062433508B00B5B46C /* Resources */ = {
			isa = PBXResourcesBuildPhase;
			buildActionMask = 2147483647;
			files = (
				687DA2182433508E00B5B46C /* LaunchScreen.storyboard in Resources */,
				688790DB2434EDEB008F6F8D /* GoogleService-Info.plist in Resources */,
				6854E26C24365A53003501FC /* message.wav in Resources */,
				687DA2282433804100B5B46C /* Neucha-Regular.ttf in Resources */,
				687DA22B24339E4300B5B46C /* monkey.wav in Resources */,
				6854E2652435FE22003501FC /* MessageCell.xib in Resources */,
				687DA2152433508E00B5B46C /* Assets.xcassets in Resources */,
				687DA22F2433AD5900B5B46C /* login.wav in Resources */,
				687DA2302433AD5900B5B46C /* register.wav in Resources */,
				687DA2132433508B00B5B46C /* Main.storyboard in Resources */,
			);
			runOnlyForDeploymentPostprocessing = 0;
		};
/* End PBXResourcesBuildPhase section */

/* Begin PBXShellScriptBuildPhase section */
		34EEA0A51355E7D37AFD1E0D /* [CP] Embed Pods Frameworks */ = {
			isa = PBXShellScriptBuildPhase;
			buildActionMask = 2147483647;
			files = (
			);
			inputFileListPaths = (
				"${PODS_ROOT}/Target Support Files/Pods-JungleChat/Pods-JungleChat-frameworks-${CONFIGURATION}-input-files.xcfilelist",
			);
			name = "[CP] Embed Pods Frameworks";
			outputFileListPaths = (
				"${PODS_ROOT}/Target Support Files/Pods-JungleChat/Pods-JungleChat-frameworks-${CONFIGURATION}-output-files.xcfilelist",
			);
			runOnlyForDeploymentPostprocessing = 0;
			shellPath = /bin/sh;
			shellScript = "\"${PODS_ROOT}/Target Support Files/Pods-JungleChat/Pods-JungleChat-frameworks.sh\"\n";
			showEnvVarsInLog = 0;
		};
		43E961760FAC9AFAA60D1BF9 /* [CP] Check Pods Manifest.lock */ = {
			isa = PBXShellScriptBuildPhase;
			buildActionMask = 2147483647;
			files = (
			);
			inputFileListPaths = (
			);
			inputPaths = (
				"${PODS_PODFILE_DIR_PATH}/Podfile.lock",
				"${PODS_ROOT}/Manifest.lock",
			);
			name = "[CP] Check Pods Manifest.lock";
			outputFileListPaths = (
			);
			outputPaths = (
				"$(DERIVED_FILE_DIR)/Pods-JungleChat-checkManifestLockResult.txt",
			);
			runOnlyForDeploymentPostprocessing = 0;
			shellPath = /bin/sh;
			shellScript = "diff \"${PODS_PODFILE_DIR_PATH}/Podfile.lock\" \"${PODS_ROOT}/Manifest.lock\" > /dev/null\nif [ $? != 0 ] ; then\n    # print error to STDERR\n    echo \"error: The sandbox is not in sync with the Podfile.lock. Run 'pod install' or update your CocoaPods installation.\" >&2\n    exit 1\nfi\n# This output is used by Xcode 'outputs' to avoid re-running this script phase.\necho \"SUCCESS\" > \"${SCRIPT_OUTPUT_FILE_0}\"\n";
			showEnvVarsInLog = 0;
		};
/* End PBXShellScriptBuildPhase section */

/* Begin PBXSourcesBuildPhase section */
		687DA2042433508B00B5B46C /* Sources */ = {
			isa = PBXSourcesBuildPhase;
			buildActionMask = 2147483647;
			files = (
				687DA2242433538A00B5B46C /* ChatVC.swift in Sources */,
				6854E2642435FE22003501FC /* MessageCell.swift in Sources */,
				6854E267243606E4003501FC /* Message.swift in Sources */,
				687DA2102433508B00B5B46C /* WelcomeVC.swift in Sources */,
				687DA2202433531800B5B46C /* RegisterVC.swift in Sources */,
				687DA20C2433508B00B5B46C /* AppDelegate.swift in Sources */,
				6854E26A243607AD003501FC /* PlayerService.swift in Sources */,
				687DA20E2433508B00B5B46C /* SceneDelegate.swift in Sources */,
				687DA2222433536500B5B46C /* LoginVC.swift in Sources */,
			);
			runOnlyForDeploymentPostprocessing = 0;
		};
/* End PBXSourcesBuildPhase section */

/* Begin PBXVariantGroup section */
		687DA2112433508B00B5B46C /* Main.storyboard */ = {
			isa = PBXVariantGroup;
			children = (
				687DA2122433508B00B5B46C /* Base */,
			);
			name = Main.storyboard;
			sourceTree = "<group>";
		};
		687DA2162433508E00B5B46C /* LaunchScreen.storyboard */ = {
			isa = PBXVariantGroup;
			children = (
				687DA2172433508E00B5B46C /* Base */,
			);
			name = LaunchScreen.storyboard;
			sourceTree = "<group>";
		};
/* End PBXVariantGroup section */

/* Begin XCBuildConfiguration section */
		687DA21A2433508E00B5B46C /* Debug */ = {
			isa = XCBuildConfiguration;
			buildSettings = {
				ALWAYS_SEARCH_USER_PATHS = NO;
				CLANG_ANALYZER_NONNULL = YES;
				CLANG_ANALYZER_NUMBER_OBJECT_CONVERSION = YES_AGGRESSIVE;
				CLANG_CXX_LANGUAGE_STANDARD = "gnu++14";
				CLANG_CXX_LIBRARY = "libc++";
				CLANG_ENABLE_MODULES = YES;
				CLANG_ENABLE_OBJC_ARC = YES;
				CLANG_ENABLE_OBJC_WEAK = YES;
				CLANG_WARN_BLOCK_CAPTURE_AUTORELEASING = YES;
				CLANG_WARN_BOOL_CONVERSION = YES;
				CLANG_WARN_COMMA = YES;
				CLANG_WARN_CONSTANT_CONVERSION = YES;
				CLANG_WARN_DEPRECATED_OBJC_IMPLEMENTATIONS = YES;
				CLANG_WARN_DIRECT_OBJC_ISA_USAGE = YES_ERROR;
				CLANG_WARN_DOCUMENTATION_COMMENTS = YES;
				CLANG_WARN_EMPTY_BODY = YES;
				CLANG_WARN_ENUM_CONVERSION = YES;
				CLANG_WARN_INFINITE_RECURSION = YES;
				CLANG_WARN_INT_CONVERSION = YES;
				CLANG_WARN_NON_LITERAL_NULL_CONVERSION = YES;
				CLANG_WARN_OBJC_IMPLICIT_RETAIN_SELF = YES;
				CLANG_WARN_OBJC_LITERAL_CONVERSION = YES;
				CLANG_WARN_OBJC_ROOT_CLASS = YES_ERROR;
				CLANG_WARN_RANGE_LOOP_ANALYSIS = YES;
				CLANG_WARN_STRICT_PROTOTYPES = YES;
				CLANG_WARN_SUSPICIOUS_MOVE = YES;
				CLANG_WARN_UNGUARDED_AVAILABILITY = YES_AGGRESSIVE;
				CLANG_WARN_UNREACHABLE_CODE = YES;
				CLANG_WARN__DUPLICATE_METHOD_MATCH = YES;
				COPY_PHASE_STRIP = NO;
				DEBUG_INFORMATION_FORMAT = dwarf;
				ENABLE_STRICT_OBJC_MSGSEND = YES;
				ENABLE_TESTABILITY = YES;
				GCC_C_LANGUAGE_STANDARD = gnu11;
				GCC_DYNAMIC_NO_PIC = NO;
				GCC_NO_COMMON_BLOCKS = YES;
				GCC_OPTIMIZATION_LEVEL = 0;
				GCC_PREPROCESSOR_DEFINITIONS = (
					"DEBUG=1",
					"$(inherited)",
				);
				GCC_WARN_64_TO_32_BIT_CONVERSION = YES;
				GCC_WARN_ABOUT_RETURN_TYPE = YES_ERROR;
				GCC_WARN_UNDECLARED_SELECTOR = YES;
				GCC_WARN_UNINITIALIZED_AUTOS = YES_AGGRESSIVE;
				GCC_WARN_UNUSED_FUNCTION = YES;
				GCC_WARN_UNUSED_VARIABLE = YES;
				IPHONEOS_DEPLOYMENT_TARGET = 13.2;
				MTL_ENABLE_DEBUG_INFO = INCLUDE_SOURCE;
				MTL_FAST_MATH = YES;
				ONLY_ACTIVE_ARCH = YES;
				SDKROOT = iphoneos;
				SWIFT_ACTIVE_COMPILATION_CONDITIONS = DEBUG;
				SWIFT_OPTIMIZATION_LEVEL = "-Onone";
			};
			name = Debug;
		};
		687DA21B2433508E00B5B46C /* Release */ = {
			isa = XCBuildConfiguration;
			buildSettings = {
				ALWAYS_SEARCH_USER_PATHS = NO;
				CLANG_ANALYZER_NONNULL = YES;
				CLANG_ANALYZER_NUMBER_OBJECT_CONVERSION = YES_AGGRESSIVE;
				CLANG_CXX_LANGUAGE_STANDARD = "gnu++14";
				CLANG_CXX_LIBRARY = "libc++";
				CLANG_ENABLE_MODULES = YES;
				CLANG_ENABLE_OBJC_ARC = YES;
				CLANG_ENABLE_OBJC_WEAK = YES;
				CLANG_WARN_BLOCK_CAPTURE_AUTORELEASING = YES;
				CLANG_WARN_BOOL_CONVERSION = YES;
				CLANG_WARN_COMMA = YES;
				CLANG_WARN_CONSTANT_CONVERSION = YES;
				CLANG_WARN_DEPRECATED_OBJC_IMPLEMENTATIONS = YES;
				CLANG_WARN_DIRECT_OBJC_ISA_USAGE = YES_ERROR;
				CLANG_WARN_DOCUMENTATION_COMMENTS = YES;
				CLANG_WARN_EMPTY_BODY = YES;
				CLANG_WARN_ENUM_CONVERSION = YES;
				CLANG_WARN_INFINITE_RECURSION = YES;
				CLANG_WARN_INT_CONVERSION = YES;
				CLANG_WARN_NON_LITERAL_NULL_CONVERSION = YES;
				CLANG_WARN_OBJC_IMPLICIT_RETAIN_SELF = YES;
				CLANG_WARN_OBJC_LITERAL_CONVERSION = YES;
				CLANG_WARN_OBJC_ROOT_CLASS = YES_ERROR;
				CLANG_WARN_RANGE_LOOP_ANALYSIS = YES;
				CLANG_WARN_STRICT_PROTOTYPES = YES;
				CLANG_WARN_SUSPICIOUS_MOVE = YES;
				CLANG_WARN_UNGUARDED_AVAILABILITY = YES_AGGRESSIVE;
				CLANG_WARN_UNREACHABLE_CODE = YES;
				CLANG_WARN__DUPLICATE_METHOD_MATCH = YES;
				COPY_PHASE_STRIP = NO;
				DEBUG_INFORMATION_FORMAT = "dwarf-with-dsym";
				ENABLE_NS_ASSERTIONS = NO;
				ENABLE_STRICT_OBJC_MSGSEND = YES;
				GCC_C_LANGUAGE_STANDARD = gnu11;
				GCC_NO_COMMON_BLOCKS = YES;
				GCC_WARN_64_TO_32_BIT_CONVERSION = YES;
				GCC_WARN_ABOUT_RETURN_TYPE = YES_ERROR;
				GCC_WARN_UNDECLARED_SELECTOR = YES;
				GCC_WARN_UNINITIALIZED_AUTOS = YES_AGGRESSIVE;
				GCC_WARN_UNUSED_FUNCTION = YES;
				GCC_WARN_UNUSED_VARIABLE = YES;
				IPHONEOS_DEPLOYMENT_TARGET = 13.2;
				MTL_ENABLE_DEBUG_INFO = NO;
				MTL_FAST_MATH = YES;
				SDKROOT = iphoneos;
				SWIFT_COMPILATION_MODE = wholemodule;
				SWIFT_OPTIMIZATION_LEVEL = "-O";
				VALIDATE_PRODUCT = YES;
			};
			name = Release;
		};
		687DA21D2433508E00B5B46C /* Debug */ = {
			isa = XCBuildConfiguration;
			baseConfigurationReference = BE533171940117F76202239F /* Pods-JungleChat.debug.xcconfig */;
			buildSettings = {
				ASSETCATALOG_COMPILER_APPICON_NAME = AppIcon;
				CODE_SIGN_STYLE = Automatic;
				DEVELOPMENT_TEAM = 72G63W4R44;
				INFOPLIST_FILE = JungleChat/Info.plist;
				LD_RUNPATH_SEARCH_PATHS = (
					"$(inherited)",
					"@executable_path/Frameworks",
				);
				PRODUCT_BUNDLE_IDENTIFIER = com.Theo.JungleChat;
				PRODUCT_NAME = "$(TARGET_NAME)";
				SWIFT_VERSION = 5.0;
				TARGETED_DEVICE_FAMILY = "1,2";
			};
			name = Debug;
		};
		687DA21E2433508E00B5B46C /* Release */ = {
			isa = XCBuildConfiguration;
			baseConfigurationReference = B6EBE13479182826B287E7C2 /* Pods-JungleChat.release.xcconfig */;
			buildSettings = {
				ASSETCATALOG_COMPILER_APPICON_NAME = AppIcon;
				CODE_SIGN_STYLE = Automatic;
				DEVELOPMENT_TEAM = 72G63W4R44;
				INFOPLIST_FILE = JungleChat/Info.plist;
				LD_RUNPATH_SEARCH_PATHS = (
					"$(inherited)",
					"@executable_path/Frameworks",
				);
				PRODUCT_BUNDLE_IDENTIFIER = com.Theo.JungleChat;
				PRODUCT_NAME = "$(TARGET_NAME)";
				SWIFT_VERSION = 5.0;
				TARGETED_DEVICE_FAMILY = "1,2";
			};
			name = Release;
		};
/* End XCBuildConfiguration section */

/* Begin XCConfigurationList section */
		687DA2032433508B00B5B46C /* Build configuration list for PBXProject "JungleChat" */ = {
			isa = XCConfigurationList;
			buildConfigurations = (
				687DA21A2433508E00B5B46C /* Debug */,
				687DA21B2433508E00B5B46C /* Release */,
			);
			defaultConfigurationIsVisible = 0;
			defaultConfigurationName = Release;
		};
		687DA21C2433508E00B5B46C /* Build configuration list for PBXNativeTarget "JungleChat" */ = {
			isa = XCConfigurationList;
			buildConfigurations = (
				687DA21D2433508E00B5B46C /* Debug */,
				687DA21E2433508E00B5B46C /* Release */,
			);
			defaultConfigurationIsVisible = 0;
			defaultConfigurationName = Release;
		};
/* End XCConfigurationList section */

/* Begin XCRemoteSwiftPackageReference section */
		6864D41A24373F7800CCE2B9 /* RemoteSwiftPackageReference */ = {
			isa = XCRemoteSwiftPackageReference;
			repositoryURL = "https://github.com/hackiftekhar/IQKeyboardManager";
			requirement = {
				kind = upToNextMajorVersion;
				minimumVersion = 6.5.5;
			};
		};
/* End XCRemoteSwiftPackageReference section */

/* Begin XCSwiftPackageProductDependency section */
		6864D41B24373F7800CCE2B9 /* SwiftPackageProductDependency */ = {
			isa = XCSwiftPackageProductDependency;
			package = 6864D41A24373F7800CCE2B9 /* RemoteSwiftPackageReference */;
			productName = IQKeyboardManagerSwift;
		};
/* End XCSwiftPackageProductDependency section */
	};
	rootObject = 687DA2002433508B00B5B46C /* Project object */;
}
