// !$*UTF8*$!
{
	archiveVersion = 1;
	classes = {
	};
	objectVersion = 50;
	objects = {

/* Begin PBXBuildFile section */
		687DA20C2433508B00B5B46C /* AppDelegate.swift in Sources */ = {isa = PBXBuildFile; fileRef = 687DA20B2433508B00B5B46C /* AppDelegate.swift */; };
		687DA20E2433508B00B5B46C /* SceneDelegate.swift in Sources */ = {isa = PBXBuildFile; fileRef = 687DA20D2433508B00B5B46C /* SceneDelegate.swift */; };
		687DA2102433508B00B5B46C /* WelcomeVC.swift in Sources */ = {isa = PBXBuildFile; fileRef = 687DA20F2433508B00B5B46C /* WelcomeVC.swift */; };
		687DA2132433508B00B5B46C /* Main.storyboard in Resources */ = {isa = PBXBuildFile; fileRef = 687DA2112433508B00B5B46C /* Main.storyboard */; };
		687DA2152433508E00B5B46C /* Assets.xcassets in Resources */ = {isa = PBXBuildFile; fileRef = 687DA2142433508E00B5B46C /* Assets.xcassets */; };
		687DA2182433508E00B5B46C /* LaunchScreen.storyboard in Resources */ = {isa = PBXBuildFile; fileRef = 687DA2162433508E00B5B46C /* LaunchScreen.storyboard */; };
		687DA2202433531800B5B46C /* RegisterVC.swift in Sources */ = {isa = PBXBuildFile; fileRef = 687DA21F2433531800B5B46C /* RegisterVC.swift */; };
		687DA2222433536500B5B46C /* LoginVC.swift in Sources */ = {isa = PBXBuildFile; fileRef = 687DA2212433536500B5B46C /* LoginVC.swift */; };
		687DA2242433538A00B5B46C /* ChatVC.swift in Sources */ = {isa = PBXBuildFile; fileRef = 687DA2232433538A00B5B46C /* ChatVC.swift */; };
		687DA2282433804100B5B46C /* Neucha-Regular.ttf in Resources */ = {isa = PBXBuildFile; fileRef = 687DA2272433804100B5B46C /* Neucha-Regular.ttf */; };
		687DA22B24339E4300B5B46C /* monkey.wav in Resources */ = {isa = PBXBuildFile; fileRef = 687DA22A24339E4300B5B46C /* monkey.wav */; };
		687DA22F2433AD5900B5B46C /* login.wav in Resources */ = {isa = PBXBuildFile; fileRef = 687DA22D2433AD5900B5B46C /* login.wav */; };
		687DA2302433AD5900B5B46C /* register.wav in Resources */ = {isa = PBXBuildFile; fileRef = 687DA22E2433AD5900B5B46C /* register.wav */; };
/* End PBXBuildFile section */

/* Begin PBXFileReference section */
		687DA2082433508B00B5B46C /* JungleChat.app */ = {isa = PBXFileReference; explicitFileType = wrapper.application; includeInIndex = 0; path = JungleChat.app; sourceTree = BUILT_PRODUCTS_DIR; };
		687DA20B2433508B00B5B46C /* AppDelegate.swift */ = {isa = PBXFileReference; lastKnownFileType = sourcecode.swift; path = AppDelegate.swift; sourceTree = "<group>"; };
		687DA20D2433508B00B5B46C /* SceneDelegate.swift */ = {isa = PBXFileReference; lastKnownFileType = sourcecode.swift; path = SceneDelegate.swift; sourceTree = "<group>"; };
		687DA20F2433508B00B5B46C /* WelcomeVC.swift */ = {isa = PBXFileReference; lastKnownFileType = sourcecode.swift; path = WelcomeVC.swift; sourceTree = "<group>"; };
		687DA2122433508B00B5B46C /* Base */ = {isa = PBXFileReference; lastKnownFileType = file.storyboard; name = Base; path = Base.lproj/Main.storyboard; sourceTree = "<group>"; };
		687DA2142433508E00B5B46C /* Assets.xcassets */ = {isa = PBXFileReference; lastKnownFileType = folder.assetcatalog; path = Assets.xcassets; sourceTree = "<group>"; };
		687DA2172433508E00B5B46C /* Base */ = {isa = PBXFileReference; lastKnownFileType = file.storyboard; name = Base; path = Base.lproj/LaunchScreen.storyboard; sourceTree = "<group>"; };
		687DA2192433508E00B5B46C /* Info.plist */ = {isa = PBXFileReference; lastKnownFileType = text.plist.xml; path = Info.plist; sourceTree = "<group>"; };
		687DA21F2433531800B5B46C /* RegisterVC.swift */ = {isa = PBXFileReference; lastKnownFileType = sourcecode.swift; path = RegisterVC.swift; sourceTree = "<group>"; };
		687DA2212433536500B5B46C /* LoginVC.swift */ = {isa = PBXFileReference; lastKnownFileType = sourcecode.swift; path = LoginVC.swift; sourceTree = "<group>"; };
		687DA2232433538A00B5B46C /* ChatVC.swift */ = {isa = PBXFileReference; lastKnownFileType = sourcecode.swift; path = ChatVC.swift; sourceTree = "<group>"; };
		687DA2272433804100B5B46C /* Neucha-Regular.ttf */ = {isa = PBXFileReference; lastKnownFileType = file; path = "Neucha-Regular.ttf"; sourceTree = "<group>"; };
		687DA22A24339E4300B5B46C /* monkey.wav */ = {isa = PBXFileReference; lastKnownFileType = audio.wav; path = monkey.wav; sourceTree = "<group>"; };
		687DA22D2433AD5900B5B46C /* login.wav */ = {isa = PBXFileReference; lastKnownFileType = audio.wav; path = login.wav; sourceTree = "<group>"; };
		687DA22E2433AD5900B5B46C /* register.wav */ = {isa = PBXFileReference; lastKnownFileType = audio.wav; path = register.wav; sourceTree = "<group>"; };
/* End PBXFileReference section */

/* Begin PBXFrameworksBuildPhase section */
		687DA2052433508B00B5B46C /* Frameworks */ = {
			isa = PBXFrameworksBuildPhase;
			buildActionMask = 2147483647;
			files = (
			);
			runOnlyForDeploymentPostprocessing = 0;
		};
/* End PBXFrameworksBuildPhase section */

/* Begin PBXGroup section */
		687DA1FF2433508B00B5B46C = {
			isa = PBXGroup;
			children = (
				687DA20A2433508B00B5B46C /* JungleChat */,
				687DA22C24339E4800B5B46C /* Music */,
				687DA2092433508B00B5B46C /* Products */,
			);
			sourceTree = "<group>";
		};
		687DA2092433508B00B5B46C /* Products */ = {
			isa = PBXGroup;
			children = (
				687DA2082433508B00B5B46C /* JungleChat.app */,
			);
			name = Products;
			sourceTree = "<group>";
		};
		687DA20A2433508B00B5B46C /* JungleChat */ = {
			isa = PBXGroup;
			children = (
				687DA20B2433508B00B5B46C /* AppDelegate.swift */,
				687DA20D2433508B00B5B46C /* SceneDelegate.swift */,
				687DA226243353E800B5B46C /* View */,
				687DA225243353DF00B5B46C /* Controllers */,
				687DA2292433806300B5B46C /* Supporting Files */,
				687DA2192433508E00B5B46C /* Info.plist */,
			);
			path = JungleChat;
			sourceTree = "<group>";
		};
		687DA225243353DF00B5B46C /* Controllers */ = {
			isa = PBXGroup;
			children = (
				687DA20F2433508B00B5B46C /* WelcomeVC.swift */,
				687DA21F2433531800B5B46C /* RegisterVC.swift */,
				687DA2212433536500B5B46C /* LoginVC.swift */,
				687DA2232433538A00B5B46C /* ChatVC.swift */,
			);
			path = Controllers;
			sourceTree = "<group>";
		};
		687DA226243353E800B5B46C /* View */ = {
			isa = PBXGroup;
			children = (
				687DA2112433508B00B5B46C /* Main.storyboard */,
			);
			path = View;
			sourceTree = "<group>";
		};
		687DA2292433806300B5B46C /* Supporting Files */ = {
			isa = PBXGroup;
			children = (
				687DA2142433508E00B5B46C /* Assets.xcassets */,
				687DA2272433804100B5B46C /* Neucha-Regular.ttf */,
				687DA2162433508E00B5B46C /* LaunchScreen.storyboard */,
			);
			path = "Supporting Files";
			sourceTree = "<group>";
		};
		687DA22C24339E4800B5B46C /* Music */ = {
			isa = PBXGroup;
			children = (
				687DA22A24339E4300B5B46C /* monkey.wav */,
				687DA22E2433AD5900B5B46C /* register.wav */,
				687DA22D2433AD5900B5B46C /* login.wav */,
			);
			name = Music;
			sourceTree = "<group>";
		};
/* End PBXGroup section */

/* Begin PBXNativeTarget section */
		687DA2072433508B00B5B46C /* JungleChat */ = {
			isa = PBXNativeTarget;
			buildConfigurationList = 687DA21C2433508E00B5B46C /* Build configuration list for PBXNativeTarget "JungleChat" */;
			buildPhases = (
				687DA2042433508B00B5B46C /* Sources */,
				687DA2052433508B00B5B46C /* Frameworks */,
				687DA2062433508B00B5B46C /* Resources */,
			);
			buildRules = (
			);
			dependencies = (
			);
			name = JungleChat;
			productName = JungleChat;
			productReference = 687DA2082433508B00B5B46C /* JungleChat.app */;
			productType = "com.apple.product-type.application";
		};
/* End PBXNativeTarget section */

/* Begin PBXProject section */
		687DA2002433508B00B5B46C /* Project object */ = {
			isa = PBXProject;
			attributes = {
				LastSwiftUpdateCheck = 1130;
				LastUpgradeCheck = 1130;
				ORGANIZATIONNAME = "Feodora Andryieuskaya";
				TargetAttributes = {
					687DA2072433508B00B5B46C = {
						CreatedOnToolsVersion = 11.3;
					};
				};
			};
			buildConfigurationList = 687DA2032433508B00B5B46C /* Build configuration list for PBXProject "JungleChat" */;
			compatibilityVersion = "Xcode 9.3";
			developmentRegion = en;
			hasScannedForEncodings = 0;
			knownRegions = (
				en,
				Base,
			);
			mainGroup = 687DA1FF2433508B00B5B46C;
			productRefGroup = 687DA2092433508B00B5B46C /* Products */;
			projectDirPath = "";
			projectRoot = "";
			targets = (
				687DA2072433508B00B5B46C /* JungleChat */,
			);
		};
/* End PBXProject section */

/* Begin PBXResourcesBuildPhase section */
		687DA2062433508B00B5B46C /* Resources */ = {
			isa = PBXResourcesBuildPhase;
			buildActionMask = 2147483647;
			files = (
				687DA2182433508E00B5B46C /* LaunchScreen.storyboard in Resources */,
				687DA2282433804100B5B46C /* Neucha-Regular.ttf in Resources */,
				687DA22B24339E4300B5B46C /* monkey.wav in Resources */,
				687DA2152433508E00B5B46C /* Assets.xcassets in Resources */,
				687DA22F2433AD5900B5B46C /* login.wav in Resources */,
				687DA2302433AD5900B5B46C /* register.wav in Resources */,
				687DA2132433508B00B5B46C /* Main.storyboard in Resources */,
			);
			runOnlyForDeploymentPostprocessing = 0;
		};
/* End PBXResourcesBuildPhase section */

/* Begin PBXSourcesBuildPhase section */
		687DA2042433508B00B5B46C /* Sources */ = {
			isa = PBXSourcesBuildPhase;
			buildActionMask = 2147483647;
			files = (
				687DA2242433538A00B5B46C /* ChatVC.swift in Sources */,
				687DA2102433508B00B5B46C /* WelcomeVC.swift in Sources */,
				687DA2202433531800B5B46C /* RegisterVC.swift in Sources */,
				687DA20C2433508B00B5B46C /* AppDelegate.swift in Sources */,
				687DA20E2433508B00B5B46C /* SceneDelegate.swift in Sources */,
				687DA2222433536500B5B46C /* LoginVC.swift in Sources */,
			);
			runOnlyForDeploymentPostprocessing = 0;
		};
/* End PBXSourcesBuildPhase section */

/* Begin PBXVariantGroup section */
		687DA2112433508B00B5B46C /* Main.storyboard */ = {
			isa = PBXVariantGroup;
			children = (
				687DA2122433508B00B5B46C /* Base */,
			);
			name = Main.storyboard;
			sourceTree = "<group>";
		};
		687DA2162433508E00B5B46C /* LaunchScreen.storyboard */ = {
			isa = PBXVariantGroup;
			children = (
				687DA2172433508E00B5B46C /* Base */,
			);
			name = LaunchScreen.storyboard;
			sourceTree = "<group>";
		};
/* End PBXVariantGroup section */

/* Begin XCBuildConfiguration section */
		687DA21A2433508E00B5B46C /* Debug */ = {
			isa = XCBuildConfiguration;
			buildSettings = {
				ALWAYS_SEARCH_USER_PATHS = NO;
				CLANG_ANALYZER_NONNULL = YES;
				CLANG_ANALYZER_NUMBER_OBJECT_CONVERSION = YES_AGGRESSIVE;
				CLANG_CXX_LANGUAGE_STANDARD = "gnu++14";
				CLANG_CXX_LIBRARY = "libc++";
				CLANG_ENABLE_MODULES = YES;
				CLANG_ENABLE_OBJC_ARC = YES;
				CLANG_ENABLE_OBJC_WEAK = YES;
				CLANG_WARN_BLOCK_CAPTURE_AUTORELEASING = YES;
				CLANG_WARN_BOOL_CONVERSION = YES;
				CLANG_WARN_COMMA = YES;
				CLANG_WARN_CONSTANT_CONVERSION = YES;
				CLANG_WARN_DEPRECATED_OBJC_IMPLEMENTATIONS = YES;
				CLANG_WARN_DIRECT_OBJC_ISA_USAGE = YES_ERROR;
				CLANG_WARN_DOCUMENTATION_COMMENTS = YES;
				CLANG_WARN_EMPTY_BODY = YES;
				CLANG_WARN_ENUM_CONVERSION = YES;
				CLANG_WARN_INFINITE_RECURSION = YES;
				CLANG_WARN_INT_CONVERSION = YES;
				CLANG_WARN_NON_LITERAL_NULL_CONVERSION = YES;
				CLANG_WARN_OBJC_IMPLICIT_RETAIN_SELF = YES;
				CLANG_WARN_OBJC_LITERAL_CONVERSION = YES;
				CLANG_WARN_OBJC_ROOT_CLASS = YES_ERROR;
				CLANG_WARN_RANGE_LOOP_ANALYSIS = YES;
				CLANG_WARN_STRICT_PROTOTYPES = YES;
				CLANG_WARN_SUSPICIOUS_MOVE = YES;
				CLANG_WARN_UNGUARDED_AVAILABILITY = YES_AGGRESSIVE;
				CLANG_WARN_UNREACHABLE_CODE = YES;
				CLANG_WARN__DUPLICATE_METHOD_MATCH = YES;
				COPY_PHASE_STRIP = NO;
				DEBUG_INFORMATION_FORMAT = dwarf;
				ENABLE_STRICT_OBJC_MSGSEND = YES;
				ENABLE_TESTABILITY = YES;
				GCC_C_LANGUAGE_STANDARD = gnu11;
				GCC_DYNAMIC_NO_PIC = NO;
				GCC_NO_COMMON_BLOCKS = YES;
				GCC_OPTIMIZATION_LEVEL = 0;
				GCC_PREPROCESSOR_DEFINITIONS = (
					"DEBUG=1",
					"$(inherited)",
				);
				GCC_WARN_64_TO_32_BIT_CONVERSION = YES;
				GCC_WARN_ABOUT_RETURN_TYPE = YES_ERROR;
				GCC_WARN_UNDECLARED_SELECTOR = YES;
				GCC_WARN_UNINITIALIZED_AUTOS = YES_AGGRESSIVE;
				GCC_WARN_UNUSED_FUNCTION = YES;
				GCC_WARN_UNUSED_VARIABLE = YES;
				IPHONEOS_DEPLOYMENT_TARGET = 13.2;
				MTL_ENABLE_DEBUG_INFO = INCLUDE_SOURCE;
				MTL_FAST_MATH = YES;
				ONLY_ACTIVE_ARCH = YES;
				SDKROOT = iphoneos;
				SWIFT_ACTIVE_COMPILATION_CONDITIONS = DEBUG;
				SWIFT_OPTIMIZATION_LEVEL = "-Onone";
			};
			name = Debug;
		};
		687DA21B2433508E00B5B46C /* Release */ = {
			isa = XCBuildConfiguration;
			buildSettings = {
				ALWAYS_SEARCH_USER_PATHS = NO;
				CLANG_ANALYZER_NONNULL = YES;
				CLANG_ANALYZER_NUMBER_OBJECT_CONVERSION = YES_AGGRESSIVE;
				CLANG_CXX_LANGUAGE_STANDARD = "gnu++14";
				CLANG_CXX_LIBRARY = "libc++";
				CLANG_ENABLE_MODULES = YES;
				CLANG_ENABLE_OBJC_ARC = YES;
				CLANG_ENABLE_OBJC_WEAK = YES;
				CLANG_WARN_BLOCK_CAPTURE_AUTORELEASING = YES;
				CLANG_WARN_BOOL_CONVERSION = YES;
				CLANG_WARN_COMMA = YES;
				CLANG_WARN_CONSTANT_CONVERSION = YES;
				CLANG_WARN_DEPRECATED_OBJC_IMPLEMENTATIONS = YES;
				CLANG_WARN_DIRECT_OBJC_ISA_USAGE = YES_ERROR;
				CLANG_WARN_DOCUMENTATION_COMMENTS = YES;
				CLANG_WARN_EMPTY_BODY = YES;
				CLANG_WARN_ENUM_CONVERSION = YES;
				CLANG_WARN_INFINITE_RECURSION = YES;
				CLANG_WARN_INT_CONVERSION = YES;
				CLANG_WARN_NON_LITERAL_NULL_CONVERSION = YES;
				CLANG_WARN_OBJC_IMPLICIT_RETAIN_SELF = YES;
				CLANG_WARN_OBJC_LITERAL_CONVERSION = YES;
				CLANG_WARN_OBJC_ROOT_CLASS = YES_ERROR;
				CLANG_WARN_RANGE_LOOP_ANALYSIS = YES;
				CLANG_WARN_STRICT_PROTOTYPES = YES;
				CLANG_WARN_SUSPICIOUS_MOVE = YES;
				CLANG_WARN_UNGUARDED_AVAILABILITY = YES_AGGRESSIVE;
				CLANG_WARN_UNREACHABLE_CODE = YES;
				CLANG_WARN__DUPLICATE_METHOD_MATCH = YES;
				COPY_PHASE_STRIP = NO;
				DEBUG_INFORMATION_FORMAT = "dwarf-with-dsym";
				ENABLE_NS_ASSERTIONS = NO;
				ENABLE_STRICT_OBJC_MSGSEND = YES;
				GCC_C_LANGUAGE_STANDARD = gnu11;
				GCC_NO_COMMON_BLOCKS = YES;
				GCC_WARN_64_TO_32_BIT_CONVERSION = YES;
				GCC_WARN_ABOUT_RETURN_TYPE = YES_ERROR;
				GCC_WARN_UNDECLARED_SELECTOR = YES;
				GCC_WARN_UNINITIALIZED_AUTOS = YES_AGGRESSIVE;
				GCC_WARN_UNUSED_FUNCTION = YES;
				GCC_WARN_UNUSED_VARIABLE = YES;
				IPHONEOS_DEPLOYMENT_TARGET = 13.2;
				MTL_ENABLE_DEBUG_INFO = NO;
				MTL_FAST_MATH = YES;
				SDKROOT = iphoneos;
				SWIFT_COMPILATION_MODE = wholemodule;
				SWIFT_OPTIMIZATION_LEVEL = "-O";
				VALIDATE_PRODUCT = YES;
			};
			name = Release;
		};
		687DA21D2433508E00B5B46C /* Debug */ = {
			isa = XCBuildConfiguration;
			buildSettings = {
				ASSETCATALOG_COMPILER_APPICON_NAME = AppIcon;
				CODE_SIGN_STYLE = Automatic;
				DEVELOPMENT_TEAM = 72G63W4R44;
				INFOPLIST_FILE = JungleChat/Info.plist;
				LD_RUNPATH_SEARCH_PATHS = (
					"$(inherited)",
					"@executable_path/Frameworks",
				);
				PRODUCT_BUNDLE_IDENTIFIER = com.Theo.JungleChat;
				PRODUCT_NAME = "$(TARGET_NAME)";
				SWIFT_VERSION = 5.0;
				TARGETED_DEVICE_FAMILY = "1,2";
			};
			name = Debug;
		};
		687DA21E2433508E00B5B46C /* Release */ = {
			isa = XCBuildConfiguration;
			buildSettings = {
				ASSETCATALOG_COMPILER_APPICON_NAME = AppIcon;
				CODE_SIGN_STYLE = Automatic;
				DEVELOPMENT_TEAM = 72G63W4R44;
				INFOPLIST_FILE = JungleChat/Info.plist;
				LD_RUNPATH_SEARCH_PATHS = (
					"$(inherited)",
					"@executable_path/Frameworks",
				);
				PRODUCT_BUNDLE_IDENTIFIER = com.Theo.JungleChat;
				PRODUCT_NAME = "$(TARGET_NAME)";
				SWIFT_VERSION = 5.0;
				TARGETED_DEVICE_FAMILY = "1,2";
			};
			name = Release;
		};
/* End XCBuildConfiguration section */

/* Begin XCConfigurationList section */
		687DA2032433508B00B5B46C /* Build configuration list for PBXProject "JungleChat" */ = {
			isa = XCConfigurationList;
			buildConfigurations = (
				687DA21A2433508E00B5B46C /* Debug */,
				687DA21B2433508E00B5B46C /* Release */,
			);
			defaultConfigurationIsVisible = 0;
			defaultConfigurationName = Release;
		};
		687DA21C2433508E00B5B46C /* Build configuration list for PBXNativeTarget "JungleChat" */ = {
			isa = XCConfigurationList;
			buildConfigurations = (
				687DA21D2433508E00B5B46C /* Debug */,
				687DA21E2433508E00B5B46C /* Release */,
			);
			defaultConfigurationIsVisible = 0;
			defaultConfigurationName = Release;
		};
/* End XCConfigurationList section */
	};
	rootObject = 687DA2002433508B00B5B46C /* Project object */;
}
